Microsoft Visual Studio Solution File, Format Version 12.00
# Visual Studio Version 17
VisualStudioVersion = 17.5.2.0
MinimumVisualStudioVersion = 10.0.40219.1
Project("{FAE04EC0-301F-11D3-BF4B-00C04F79EFBC}") = "EfLocalDbDemo", "EfLocalDbDemo.csproj", "{066BF47C-F882-E5B2-1C93-6234513591BE}"
EndProject
Global
	GlobalSection(SolutionConfigurationPlatforms) = preSolution
		Debug|Any CPU = Debug|Any CPU
		Release|Any CPU = Release|Any CPU
	EndGlobalSection
	GlobalSection(ProjectConfigurationPlatforms) = postSolution
		{066BF47C-F882-E5B2-1C93-6234513591BE}.Debug|Any CPU.ActiveCfg = Debug|Any CPU
		{066BF47C-F882-E5B2-1C93-6234513591BE}.Debug|Any CPU.Build.0 = Debug|Any CPU
		{066BF47C-F882-E5B2-1C93-6234513591BE}.Release|Any CPU.ActiveCfg = Release|Any CPU
		{066BF47C-F882-E5B2-1C93-6234513591BE}.Release|Any CPU.Build.0 = Release|Any CPU
	EndGlobalSection
	GlobalSection(SolutionProperties) = preSolution
		HideSolutionNode = FALSE
	EndGlobalSection
	GlobalSection(ExtensibilityGlobals) = postSolution
		SolutionGuid = {2ECC36C6-BCC8-46FE-A1CA-06F94443850A}
	EndGlobalSection
EndGlobal
